// !$*UTF8*$!
{
	archiveVersion = 1;
	classes = {
	};
	objectVersion = 46;
	objects = {

/* Begin PBXBuildFile section */
		CCF4EB9C1BA0EF9F00C7C053 /* main.m in Sources */ = {isa = PBXBuildFile; fileRef = CCF4EB9B1BA0EF9F00C7C053 /* main.m */; };
		CCF4EB9F1BA0EF9F00C7C053 /* AppDelegate.m in Sources */ = {isa = PBXBuildFile; fileRef = CCF4EB9E1BA0EF9F00C7C053 /* AppDelegate.m */; };
		CCF4EBA21BA0EF9F00C7C053 /* ViewController.m in Sources */ = {isa = PBXBuildFile; fileRef = CCF4EBA11BA0EF9F00C7C053 /* ViewController.m */; };
		CCF4EBA51BA0EF9F00C7C053 /* Main.storyboard in Resources */ = {isa = PBXBuildFile; fileRef = CCF4EBA31BA0EF9F00C7C053 /* Main.storyboard */; };
		CCF4EBA71BA0EF9F00C7C053 /* Images.xcassets in Resources */ = {isa = PBXBuildFile; fileRef = CCF4EBA61BA0EF9F00C7C053 /* Images.xcassets */; };
		CCF4EBAA1BA0EF9F00C7C053 /* LaunchScreen.xib in Resources */ = {isa = PBXBuildFile; fileRef = CCF4EBA81BA0EF9F00C7C053 /* LaunchScreen.xib */; };
		CCF4EBB61BA0EF9F00C7C053 /* OGTrainTests.m in Sources */ = {isa = PBXBuildFile; fileRef = CCF4EBB51BA0EF9F00C7C053 /* OGTrainTests.m */; };
		D94B0E701BAF6CBB006B9ACC /* BusinessTableViewCell.m in Sources */ = {isa = PBXBuildFile; fileRef = D94B0E6F1BAF6CBB006B9ACC /* BusinessTableViewCell.m */; settings = {ASSET_TAGS = (); }; };
/* End PBXBuildFile section */

/* Begin PBXContainerItemProxy section */
		CCF4EBB01BA0EF9F00C7C053 /* PBXContainerItemProxy */ = {
			isa = PBXContainerItemProxy;
			containerPortal = CCF4EB8E1BA0EF9F00C7C053 /* Project object */;
			proxyType = 1;
			remoteGlobalIDString = CCF4EB951BA0EF9F00C7C053;
			remoteInfo = OGTrain;
		};
/* End PBXContainerItemProxy section */

/* Begin PBXFileReference section */
		CCF4EB961BA0EF9F00C7C053 /* OGTrain.app */ = {isa = PBXFileReference; explicitFileType = wrapper.application; includeInIndex = 0; path = OGTrain.app; sourceTree = BUILT_PRODUCTS_DIR; };
		CCF4EB9A1BA0EF9F00C7C053 /* Info.plist */ = {isa = PBXFileReference; lastKnownFileType = text.plist.xml; path = Info.plist; sourceTree = "<group>"; };
		CCF4EB9B1BA0EF9F00C7C053 /* main.m */ = {isa = PBXFileReference; lastKnownFileType = sourcecode.c.objc; path = main.m; sourceTree = "<group>"; };
		CCF4EB9D1BA0EF9F00C7C053 /* AppDelegate.h */ = {isa = PBXFileReference; lastKnownFileType = sourcecode.c.h; path = AppDelegate.h; sourceTree = "<group>"; };
		CCF4EB9E1BA0EF9F00C7C053 /* AppDelegate.m */ = {isa = PBXFileReference; lastKnownFileType = sourcecode.c.objc; path = AppDelegate.m; sourceTree = "<group>"; };
		CCF4EBA01BA0EF9F00C7C053 /* ViewController.h */ = {isa = PBXFileReference; lastKnownFileType = sourcecode.c.h; path = ViewController.h; sourceTree = "<group>"; };
		CCF4EBA11BA0EF9F00C7C053 /* ViewController.m */ = {isa = PBXFileReference; lastKnownFileType = sourcecode.c.objc; path = ViewController.m; sourceTree = "<group>"; };
		CCF4EBA41BA0EF9F00C7C053 /* Base */ = {isa = PBXFileReference; lastKnownFileType = file.storyboard; name = Base; path = Base.lproj/Main.storyboard; sourceTree = "<group>"; };
		CCF4EBA61BA0EF9F00C7C053 /* Images.xcassets */ = {isa = PBXFileReference; lastKnownFileType = folder.assetcatalog; path = Images.xcassets; sourceTree = "<group>"; };
		CCF4EBA91BA0EF9F00C7C053 /* Base */ = {isa = PBXFileReference; lastKnownFileType = file.xib; name = Base; path = Base.lproj/LaunchScreen.xib; sourceTree = "<group>"; };
		CCF4EBAF1BA0EF9F00C7C053 /* OGTrainTests.xctest */ = {isa = PBXFileReference; explicitFileType = wrapper.cfbundle; includeInIndex = 0; path = OGTrainTests.xctest; sourceTree = BUILT_PRODUCTS_DIR; };
		CCF4EBB41BA0EF9F00C7C053 /* Info.plist */ = {isa = PBXFileReference; lastKnownFileType = text.plist.xml; path = Info.plist; sourceTree = "<group>"; };
		CCF4EBB51BA0EF9F00C7C053 /* OGTrainTests.m */ = {isa = PBXFileReference; lastKnownFileType = sourcecode.c.objc; path = OGTrainTests.m; sourceTree = "<group>"; };
		D94B0E6E1BAF6CBB006B9ACC /* BusinessTableViewCell.h */ = {isa = PBXFileReference; fileEncoding = 4; lastKnownFileType = sourcecode.c.h; path = BusinessTableViewCell.h; sourceTree = "<group>"; };
		D94B0E6F1BAF6CBB006B9ACC /* BusinessTableViewCell.m */ = {isa = PBXFileReference; fileEncoding = 4; lastKnownFileType = sourcecode.c.objc; path = BusinessTableViewCell.m; sourceTree = "<group>"; };
/* End PBXFileReference section */

/* Begin PBXFrameworksBuildPhase section */
		CCF4EB931BA0EF9F00C7C053 /* Frameworks */ = {
			isa = PBXFrameworksBuildPhase;
			buildActionMask = 2147483647;
			files = (
			);
			runOnlyForDeploymentPostprocessing = 0;
		};
		CCF4EBAC1BA0EF9F00C7C053 /* Frameworks */ = {
			isa = PBXFrameworksBuildPhase;
			buildActionMask = 2147483647;
			files = (
			);
			runOnlyForDeploymentPostprocessing = 0;
		};
/* End PBXFrameworksBuildPhase section */

/* Begin PBXGroup section */
		CCF4EB8D1BA0EF9F00C7C053 = {
			isa = PBXGroup;
			children = (
				CCF4EB981BA0EF9F00C7C053 /* OGTrain */,
				CCF4EBB21BA0EF9F00C7C053 /* OGTrainTests */,
				CCF4EB971BA0EF9F00C7C053 /* Products */,
			);
			sourceTree = "<group>";
		};
		CCF4EB971BA0EF9F00C7C053 /* Products */ = {
			isa = PBXGroup;
			children = (
				CCF4EB961BA0EF9F00C7C053 /* OGTrain.app */,
				CCF4EBAF1BA0EF9F00C7C053 /* OGTrainTests.xctest */,
			);
			name = Products;
			sourceTree = "<group>";
		};
		CCF4EB981BA0EF9F00C7C053 /* OGTrain */ = {
			isa = PBXGroup;
			children = (
				CCF4EB9D1BA0EF9F00C7C053 /* AppDelegate.h */,
				CCF4EB9E1BA0EF9F00C7C053 /* AppDelegate.m */,
				CCF4EBA01BA0EF9F00C7C053 /* ViewController.h */,
				CCF4EBA11BA0EF9F00C7C053 /* ViewController.m */,
				CCF4EBA31BA0EF9F00C7C053 /* Main.storyboard */,
				D94B0E6E1BAF6CBB006B9ACC /* BusinessTableViewCell.h */,
				D94B0E6F1BAF6CBB006B9ACC /* BusinessTableViewCell.m */,
				CCF4EBA61BA0EF9F00C7C053 /* Images.xcassets */,
				CCF4EBA81BA0EF9F00C7C053 /* LaunchScreen.xib */,
				CCF4EB991BA0EF9F00C7C053 /* Supporting Files */,
			);
			path = OGTrain;
			sourceTree = "<group>";
		};
		CCF4EB991BA0EF9F00C7C053 /* Supporting Files */ = {
			isa = PBXGroup;
			children = (
				CCF4EB9A1BA0EF9F00C7C053 /* Info.plist */,
				CCF4EB9B1BA0EF9F00C7C053 /* main.m */,
			);
			name = "Supporting Files";
			sourceTree = "<group>";
		};
		CCF4EBB21BA0EF9F00C7C053 /* OGTrainTests */ = {
			isa = PBXGroup;
			children = (
				CCF4EBB51BA0EF9F00C7C053 /* OGTrainTests.m */,
				CCF4EBB31BA0EF9F00C7C053 /* Supporting Files */,
			);
			path = OGTrainTests;
			sourceTree = "<group>";
		};
		CCF4EBB31BA0EF9F00C7C053 /* Supporting Files */ = {
			isa = PBXGroup;
			children = (
				CCF4EBB41BA0EF9F00C7C053 /* Info.plist */,
			);
			name = "Supporting Files";
			sourceTree = "<group>";
		};
/* End PBXGroup section */

/* Begin PBXNativeTarget section */
		CCF4EB951BA0EF9F00C7C053 /* OGTrain */ = {
			isa = PBXNativeTarget;
			buildConfigurationList = CCF4EBB91BA0EF9F00C7C053 /* Build configuration list for PBXNativeTarget "OGTrain" */;
			buildPhases = (
				CCF4EB921BA0EF9F00C7C053 /* Sources */,
				CCF4EB931BA0EF9F00C7C053 /* Frameworks */,
				CCF4EB941BA0EF9F00C7C053 /* Resources */,
			);
			buildRules = (
			);
			dependencies = (
			);
			name = OGTrain;
			productName = OGTrain;
			productReference = CCF4EB961BA0EF9F00C7C053 /* OGTrain.app */;
			productType = "com.apple.product-type.application";
		};
		CCF4EBAE1BA0EF9F00C7C053 /* OGTrainTests */ = {
			isa = PBXNativeTarget;
			buildConfigurationList = CCF4EBBC1BA0EF9F00C7C053 /* Build configuration list for PBXNativeTarget "OGTrainTests" */;
			buildPhases = (
				CCF4EBAB1BA0EF9F00C7C053 /* Sources */,
				CCF4EBAC1BA0EF9F00C7C053 /* Frameworks */,
				CCF4EBAD1BA0EF9F00C7C053 /* Resources */,
			);
			buildRules = (
			);
			dependencies = (
				CCF4EBB11BA0EF9F00C7C053 /* PBXTargetDependency */,
			);
			name = OGTrainTests;
			productName = OGTrainTests;
			productReference = CCF4EBAF1BA0EF9F00C7C053 /* OGTrainTests.xctest */;
			productType = "com.apple.product-type.bundle.unit-test";
		};
/* End PBXNativeTarget section */

/* Begin PBXProject section */
		CCF4EB8E1BA0EF9F00C7C053 /* Project object */ = {
			isa = PBXProject;
			attributes = {
				LastUpgradeCheck = 0700;
				ORGANIZATIONNAME = "Manav Kohli";
				TargetAttributes = {
					CCF4EB951BA0EF9F00C7C053 = {
						CreatedOnToolsVersion = 6.4;
					};
					CCF4EBAE1BA0EF9F00C7C053 = {
						CreatedOnToolsVersion = 6.4;
						TestTargetID = CCF4EB951BA0EF9F00C7C053;
					};
				};
			};
			buildConfigurationList = CCF4EB911BA0EF9F00C7C053 /* Build configuration list for PBXProject "OGTrain" */;
			compatibilityVersion = "Xcode 3.2";
			developmentRegion = English;
			hasScannedForEncodings = 0;
			knownRegions = (
				en,
				Base,
			);
			mainGroup = CCF4EB8D1BA0EF9F00C7C053;
			productRefGroup = CCF4EB971BA0EF9F00C7C053 /* Products */;
			projectDirPath = "";
			projectRoot = "";
			targets = (
				CCF4EB951BA0EF9F00C7C053 /* OGTrain */,
				CCF4EBAE1BA0EF9F00C7C053 /* OGTrainTests */,
			);
		};
/* End PBXProject section */

/* Begin PBXResourcesBuildPhase section */
		CCF4EB941BA0EF9F00C7C053 /* Resources */ = {
			isa = PBXResourcesBuildPhase;
			buildActionMask = 2147483647;
			files = (
				CCF4EBA51BA0EF9F00C7C053 /* Main.storyboard in Resources */,
				CCF4EBAA1BA0EF9F00C7C053 /* LaunchScreen.xib in Resources */,
				CCF4EBA71BA0EF9F00C7C053 /* Images.xcassets in Resources */,
			);
			runOnlyForDeploymentPostprocessing = 0;
		};
		CCF4EBAD1BA0EF9F00C7C053 /* Resources */ = {
			isa = PBXResourcesBuildPhase;
			buildActionMask = 2147483647;
			files = (
			);
			runOnlyForDeploymentPostprocessing = 0;
		};
/* End PBXResourcesBuildPhase section */

/* Begin PBXSourcesBuildPhase section */
		CCF4EB921BA0EF9F00C7C053 /* Sources */ = {
			isa = PBXSourcesBuildPhase;
			buildActionMask = 2147483647;
			files = (
				CCF4EBA21BA0EF9F00C7C053 /* ViewController.m in Sources */,
				CCF4EB9F1BA0EF9F00C7C053 /* AppDelegate.m in Sources */,
				D94B0E701BAF6CBB006B9ACC /* BusinessTableViewCell.m in Sources */,
				CCF4EB9C1BA0EF9F00C7C053 /* main.m in Sources */,
			);
			runOnlyForDeploymentPostprocessing = 0;
		};
		CCF4EBAB1BA0EF9F00C7C053 /* Sources */ = {
			isa = PBXSourcesBuildPhase;
			buildActionMask = 2147483647;
			files = (
				CCF4EBB61BA0EF9F00C7C053 /* OGTrainTests.m in Sources */,
			);
			runOnlyForDeploymentPostprocessing = 0;
		};
/* End PBXSourcesBuildPhase section */

/* Begin PBXTargetDependency section */
		CCF4EBB11BA0EF9F00C7C053 /* PBXTargetDependency */ = {
			isa = PBXTargetDependency;
			target = CCF4EB951BA0EF9F00C7C053 /* OGTrain */;
			targetProxy = CCF4EBB01BA0EF9F00C7C053 /* PBXContainerItemProxy */;
		};
/* End PBXTargetDependency section */

/* Begin PBXVariantGroup section */
		CCF4EBA31BA0EF9F00C7C053 /* Main.storyboard */ = {
			isa = PBXVariantGroup;
			children = (
				CCF4EBA41BA0EF9F00C7C053 /* Base */,
			);
			name = Main.storyboard;
			sourceTree = "<group>";
		};
		CCF4EBA81BA0EF9F00C7C053 /* LaunchScreen.xib */ = {
			isa = PBXVariantGroup;
			children = (
				CCF4EBA91BA0EF9F00C7C053 /* Base */,
			);
			name = LaunchScreen.xib;
			sourceTree = "<group>";
		};
/* End PBXVariantGroup section */

/* Begin XCBuildConfiguration section */
		CCF4EBB71BA0EF9F00C7C053 /* Debug */ = {
			isa = XCBuildConfiguration;
			buildSettings = {
				ALWAYS_SEARCH_USER_PATHS = NO;
				CLANG_CXX_LANGUAGE_STANDARD = "gnu++0x";
				CLANG_CXX_LIBRARY = "libc++";
				CLANG_ENABLE_MODULES = YES;
				CLANG_ENABLE_OBJC_ARC = YES;
				CLANG_WARN_BOOL_CONVERSION = YES;
				CLANG_WARN_CONSTANT_CONVERSION = YES;
				CLANG_WARN_DIRECT_OBJC_ISA_USAGE = YES_ERROR;
				CLANG_WARN_EMPTY_BODY = YES;
				CLANG_WARN_ENUM_CONVERSION = YES;
				CLANG_WARN_INT_CONVERSION = YES;
				CLANG_WARN_OBJC_ROOT_CLASS = YES_ERROR;
				CLANG_WARN_UNREACHABLE_CODE = YES;
				CLANG_WARN__DUPLICATE_METHOD_MATCH = YES;
				"CODE_SIGN_IDENTITY[sdk=iphoneos*]" = "iPhone Developer";
				COPY_PHASE_STRIP = NO;
				DEBUG_INFORMATION_FORMAT = "dwarf-with-dsym";
				ENABLE_STRICT_OBJC_MSGSEND = YES;
				ENABLE_TESTABILITY = YES;
				GCC_C_LANGUAGE_STANDARD = gnu99;
				GCC_DYNAMIC_NO_PIC = NO;
				GCC_NO_COMMON_BLOCKS = YES;
				GCC_OPTIMIZATION_LEVEL = 0;
				GCC_PREPROCESSOR_DEFINITIONS = (
					"DEBUG=1",
					"$(inherited)",
				);
				GCC_SYMBOLS_PRIVATE_EXTERN = NO;
				GCC_WARN_64_TO_32_BIT_CONVERSION = YES;
				GCC_WARN_ABOUT_RETURN_TYPE = YES_ERROR;
				GCC_WARN_UNDECLARED_SELECTOR = YES;
				GCC_WARN_UNINITIALIZED_AUTOS = YES_AGGRESSIVE;
				GCC_WARN_UNUSED_FUNCTION = YES;
				GCC_WARN_UNUSED_VARIABLE = YES;
				IPHONEOS_DEPLOYMENT_TARGET = 9.0;
				MTL_ENABLE_DEBUG_INFO = YES;
				ONLY_ACTIVE_ARCH = YES;
				SDKROOT = iphoneos;
				TARGETED_DEVICE_FAMILY = "1,2";
			};
			name = Debug;
		};
		CCF4EBB81BA0EF9F00C7C053 /* Release */ = {
			isa = XCBuildConfiguration;
			buildSettings = {
				ALWAYS_SEARCH_USER_PATHS = NO;
				CLANG_CXX_LANGUAGE_STANDARD = "gnu++0x";
				CLANG_CXX_LIBRARY = "libc++";
				CLANG_ENABLE_MODULES = YES;
				CLANG_ENABLE_OBJC_ARC = YES;
				CLANG_WARN_BOOL_CONVERSION = YES;
				CLANG_WARN_CONSTANT_CONVERSION = YES;
				CLANG_WARN_DIRECT_OBJC_ISA_USAGE = YES_ERROR;
				CLANG_WARN_EMPTY_BODY = YES;
				CLANG_WARN_ENUM_CONVERSION = YES;
				CLANG_WARN_INT_CONVERSION = YES;
				CLANG_WARN_OBJC_ROOT_CLASS = YES_ERROR;
				CLANG_WARN_UNREACHABLE_CODE = YES;
				CLANG_WARN__DUPLICATE_METHOD_MATCH = YES;
				"CODE_SIGN_IDENTITY[sdk=iphoneos*]" = "iPhone Developer";
				COPY_PHASE_STRIP = NO;
				DEBUG_INFORMATION_FORMAT = "dwarf-with-dsym";
				ENABLE_NS_ASSERTIONS = NO;
				ENABLE_STRICT_OBJC_MSGSEND = YES;
				GCC_C_LANGUAGE_STANDARD = gnu99;
				GCC_NO_COMMON_BLOCKS = YES;
				GCC_WARN_64_TO_32_BIT_CONVERSION = YES;
				GCC_WARN_ABOUT_RETURN_TYPE = YES_ERROR;
				GCC_WARN_UNDECLARED_SELECTOR = YES;
				GCC_WARN_UNINITIALIZED_AUTOS = YES_AGGRESSIVE;
				GCC_WARN_UNUSED_FUNCTION = YES;
				GCC_WARN_UNUSED_VARIABLE = YES;
				IPHONEOS_DEPLOYMENT_TARGET = 9.0;
				MTL_ENABLE_DEBUG_INFO = NO;
				SDKROOT = iphoneos;
				TARGETED_DEVICE_FAMILY = "1,2";
				VALIDATE_PRODUCT = YES;
			};
			name = Release;
		};
		CCF4EBBA1BA0EF9F00C7C053 /* Debug */ = {
			isa = XCBuildConfiguration;
			buildSettings = {
				ASSETCATALOG_COMPILER_APPICON_NAME = AppIcon;
				INFOPLIST_FILE = OGTrain/Info.plist;
				IPHONEOS_DEPLOYMENT_TARGET = 9.0;
				LD_RUNPATH_SEARCH_PATHS = "$(inherited) @executable_path/Frameworks";
				PRODUCT_BUNDLE_IDENTIFIER = "CS121.$(PRODUCT_NAME:rfc1034identifier)";
				PRODUCT_NAME = "$(TARGET_NAME)";
			};
			name = Debug;
		};
		CCF4EBBB1BA0EF9F00C7C053 /* Release */ = {
			isa = XCBuildConfiguration;
			buildSettings = {
				ASSETCATALOG_COMPILER_APPICON_NAME = AppIcon;
				INFOPLIST_FILE = OGTrain/Info.plist;
				IPHONEOS_DEPLOYMENT_TARGET = 9.0;
				LD_RUNPATH_SEARCH_PATHS = "$(inherited) @executable_path/Frameworks";
				PRODUCT_BUNDLE_IDENTIFIER = "CS121.$(PRODUCT_NAME:rfc1034identifier)";
				PRODUCT_NAME = "$(TARGET_NAME)";
			};
			name = Release;
		};
		CCF4EBBD1BA0EF9F00C7C053 /* Debug */ = {
			isa = XCBuildConfiguration;
			buildSettings = {
				BUNDLE_LOADER = "$(TEST_HOST)";
				FRAMEWORK_SEARCH_PATHS = (
					"$(SDKROOT)/Developer/Library/Frameworks",
					"$(inherited)",
				);
				GCC_PREPROCESSOR_DEFINITIONS = (
					"DEBUG=1",
					"$(inherited)",
				);
				INFOPLIST_FILE = OGTrainTests/Info.plist;
				LD_RUNPATH_SEARCH_PATHS = "$(inherited) @executable_path/Frameworks @loader_path/Frameworks";
				PRODUCT_BUNDLE_IDENTIFIER = "CS121.$(PRODUCT_NAME:rfc1034identifier)";
				PRODUCT_NAME = "$(TARGET_NAME)";
				TEST_HOST = "$(BUILT_PRODUCTS_DIR)/OGTrain.app/OGTrain";
			};
			name = Debug;
		};
		CCF4EBBE1BA0EF9F00C7C053 /* Release */ = {
			isa = XCBuildConfiguration;
			buildSettings = {
				BUNDLE_LOADER = "$(TEST_HOST)";
				FRAMEWORK_SEARCH_PATHS = (
					"$(SDKROOT)/Developer/Library/Frameworks",
					"$(inherited)",
				);
				INFOPLIST_FILE = OGTrainTests/Info.plist;
				LD_RUNPATH_SEARCH_PATHS = "$(inherited) @executable_path/Frameworks @loader_path/Frameworks";
				PRODUCT_BUNDLE_IDENTIFIER = "CS121.$(PRODUCT_NAME:rfc1034identifier)";
				PRODUCT_NAME = "$(TARGET_NAME)";
				TEST_HOST = "$(BUILT_PRODUCTS_DIR)/OGTrain.app/OGTrain";
			};
			name = Release;
		};
/* End XCBuildConfiguration section */

/* Begin XCConfigurationList section */
		CCF4EB911BA0EF9F00C7C053 /* Build configuration list for PBXProject "OGTrain" */ = {
			isa = XCConfigurationList;
			buildConfigurations = (
				CCF4EBB71BA0EF9F00C7C053 /* Debug */,
				CCF4EBB81BA0EF9F00C7C053 /* Release */,
			);
			defaultConfigurationIsVisible = 0;
			defaultConfigurationName = Release;
		};
		CCF4EBB91BA0EF9F00C7C053 /* Build configuration list for PBXNativeTarget "OGTrain" */ = {
			isa = XCConfigurationList;
			buildConfigurations = (
				CCF4EBBA1BA0EF9F00C7C053 /* Debug */,
				CCF4EBBB1BA0EF9F00C7C053 /* Release */,
			);
			defaultConfigurationIsVisible = 0;
			defaultConfigurationName = Release;
		};
		CCF4EBBC1BA0EF9F00C7C053 /* Build configuration list for PBXNativeTarget "OGTrainTests" */ = {
			isa = XCConfigurationList;
			buildConfigurations = (
				CCF4EBBD1BA0EF9F00C7C053 /* Debug */,
				CCF4EBBE1BA0EF9F00C7C053 /* Release */,
			);
			defaultConfigurationIsVisible = 0;
			defaultConfigurationName = Release;
		};
/* End XCConfigurationList section */
	};
	rootObject = CCF4EB8E1BA0EF9F00C7C053 /* Project object */;
}
